
Microsoft Visual Studio Solution File, Format Version 12.00
# Visual Studio 15
VisualStudioVersion = 15.0.28010.2046
MinimumVisualStudioVersion = 10.0.40219.1
Project("{2150E333-8FDC-42A3-9474-1A3956D46DE8}") = "src", "src", "{AB13C1BB-7673-4E5A-87AA-6E9224475196}"
EndProject
Project("{2150E333-8FDC-42A3-9474-1A3956D46DE8}") = "microservices", "microservices", "{1756DD12-3191-4081-B2B3-AD84D01F0EF2}"
EndProject
Project("{9A19103F-16F7-4668-BE54-9A1E7A4F7556}") = "Rss.Messaging", "microservices\Rss.Messaging\Rss.Messaging.csproj", "{D23B2EB0-DFFC-4425-B76B-2CDE54562A50}"
EndProject
Project("{9A19103F-16F7-4668-BE54-9A1E7A4F7556}") = "Rss.Persistence", "src\Rss.Persistence\Rss.Persistence.csproj", "{2FFC3C8C-24F5-463A-8C06-4EBFAFB113DB}"
EndProject
Project("{9A19103F-16F7-4668-BE54-9A1E7A4F7556}") = "Rss.Persistence.MySQL", "src\Rss.Persistence.MySQL\Rss.Persistence.MySQL.csproj", "{2DA9B3AB-F16B-4A38-9A43-5DA23F3EE087}"
EndProject
Project("{9A19103F-16F7-4668-BE54-9A1E7A4F7556}") = "Rss.Reader", "microservices\Rss.Reader\Rss.Reader.csproj", "{6E1043B4-3620-49BD-ACB2-AB237E9A400F}"
EndProject
Project("{9A19103F-16F7-4668-BE54-9A1E7A4F7556}") = "Rss.Writer", "microservices\Rss.Writer\Rss.Writer.csproj", "{7BEF1775-320C-4403-BC6A-830DED016689}"
EndProject
Project("{9A19103F-16F7-4668-BE54-9A1E7A4F7556}") = "Rss.RabbitMQ", "src\Rss.RabbitMQ\Rss.RabbitMQ.csproj", "{49D2C086-89B1-43C9-8E7D-76670EC8C974}"
EndProject
Project("{9A19103F-16F7-4668-BE54-9A1E7A4F7556}") = "Rss.Application", "src\Rss.Application\Rss.Application.csproj", "{4150CF78-F15F-4D3C-BC6F-B1A03B812C6F}"
EndProject
Project("{9A19103F-16F7-4668-BE54-9A1E7A4F7556}") = "Rss.Domain", "src\Rss.Domain\Rss.Domain.csproj", "{A2C27F12-66C6-4C0D-AC69-CCAF3F26FCDD}"
EndProject
Project("{9A19103F-16F7-4668-BE54-9A1E7A4F7556}") = "Rss.CDO", "src\Rss.CDO\Rss.CDO.csproj", "{8D069D82-156F-492D-BAA4-C77CE330BD0E}"
EndProject
Project("{9A19103F-16F7-4668-BE54-9A1E7A4F7556}") = "Rss.Container", "src\Rss.Container\Rss.Container.csproj", "{FF375944-F4B9-408B-9F63-E9A855E5E97A}"
EndProject
Project("{9A19103F-16F7-4668-BE54-9A1E7A4F7556}") = "Rss.TLBotCommunication", "microservices\Rss.TLBotCommunication\Rss.TLBotCommunication.csproj", "{80381363-9665-4784-B79E-678B141F23E7}"
EndProject
Project("{E53339B2-1760-4266-BCC7-CA923CBCF16C}") = "docker-compose", "docker-compose.dcproj", "{7C882EF9-D015-453C-B860-2DB0502AF789}"
EndProject
Global
	GlobalSection(SolutionConfigurationPlatforms) = preSolution
		Debug|Any CPU = Debug|Any CPU
		Release|Any CPU = Release|Any CPU
	EndGlobalSection
	GlobalSection(ProjectConfigurationPlatforms) = postSolution
		{D23B2EB0-DFFC-4425-B76B-2CDE54562A50}.Debug|Any CPU.ActiveCfg = Debug|Any CPU
		{D23B2EB0-DFFC-4425-B76B-2CDE54562A50}.Debug|Any CPU.Build.0 = Debug|Any CPU
		{D23B2EB0-DFFC-4425-B76B-2CDE54562A50}.Release|Any CPU.ActiveCfg = Release|Any CPU
		{D23B2EB0-DFFC-4425-B76B-2CDE54562A50}.Release|Any CPU.Build.0 = Release|Any CPU
		{2FFC3C8C-24F5-463A-8C06-4EBFAFB113DB}.Debug|Any CPU.ActiveCfg = Debug|Any CPU
		{2FFC3C8C-24F5-463A-8C06-4EBFAFB113DB}.Debug|Any CPU.Build.0 = Debug|Any CPU
		{2FFC3C8C-24F5-463A-8C06-4EBFAFB113DB}.Release|Any CPU.ActiveCfg = Release|Any CPU
		{2FFC3C8C-24F5-463A-8C06-4EBFAFB113DB}.Release|Any CPU.Build.0 = Release|Any CPU
		{2DA9B3AB-F16B-4A38-9A43-5DA23F3EE087}.Debug|Any CPU.ActiveCfg = Debug|Any CPU
		{2DA9B3AB-F16B-4A38-9A43-5DA23F3EE087}.Debug|Any CPU.Build.0 = Debug|Any CPU
		{2DA9B3AB-F16B-4A38-9A43-5DA23F3EE087}.Release|Any CPU.ActiveCfg = Release|Any CPU
		{2DA9B3AB-F16B-4A38-9A43-5DA23F3EE087}.Release|Any CPU.Build.0 = Release|Any CPU
		{6E1043B4-3620-49BD-ACB2-AB237E9A400F}.Debug|Any CPU.ActiveCfg = Debug|Any CPU
		{6E1043B4-3620-49BD-ACB2-AB237E9A400F}.Debug|Any CPU.Build.0 = Debug|Any CPU
		{6E1043B4-3620-49BD-ACB2-AB237E9A400F}.Release|Any CPU.ActiveCfg = Release|Any CPU
		{6E1043B4-3620-49BD-ACB2-AB237E9A400F}.Release|Any CPU.Build.0 = Release|Any CPU
		{7BEF1775-320C-4403-BC6A-830DED016689}.Debug|Any CPU.ActiveCfg = Debug|Any CPU
		{7BEF1775-320C-4403-BC6A-830DED016689}.Debug|Any CPU.Build.0 = Debug|Any CPU
		{7BEF1775-320C-4403-BC6A-830DED016689}.Release|Any CPU.ActiveCfg = Release|Any CPU
		{7BEF1775-320C-4403-BC6A-830DED016689}.Release|Any CPU.Build.0 = Release|Any CPU
		{49D2C086-89B1-43C9-8E7D-76670EC8C974}.Debug|Any CPU.ActiveCfg = Debug|Any CPU
		{49D2C086-89B1-43C9-8E7D-76670EC8C974}.Debug|Any CPU.Build.0 = Debug|Any CPU
		{49D2C086-89B1-43C9-8E7D-76670EC8C974}.Release|Any CPU.ActiveCfg = Release|Any CPU
		{49D2C086-89B1-43C9-8E7D-76670EC8C974}.Release|Any CPU.Build.0 = Release|Any CPU
		{4150CF78-F15F-4D3C-BC6F-B1A03B812C6F}.Debug|Any CPU.ActiveCfg = Debug|Any CPU
		{4150CF78-F15F-4D3C-BC6F-B1A03B812C6F}.Debug|Any CPU.Build.0 = Debug|Any CPU
		{4150CF78-F15F-4D3C-BC6F-B1A03B812C6F}.Release|Any CPU.ActiveCfg = Release|Any CPU
		{4150CF78-F15F-4D3C-BC6F-B1A03B812C6F}.Release|Any CPU.Build.0 = Release|Any CPU
		{A2C27F12-66C6-4C0D-AC69-CCAF3F26FCDD}.Debug|Any CPU.ActiveCfg = Debug|Any CPU
		{A2C27F12-66C6-4C0D-AC69-CCAF3F26FCDD}.Debug|Any CPU.Build.0 = Debug|Any CPU
		{A2C27F12-66C6-4C0D-AC69-CCAF3F26FCDD}.Release|Any CPU.ActiveCfg = Release|Any CPU
		{A2C27F12-66C6-4C0D-AC69-CCAF3F26FCDD}.Release|Any CPU.Build.0 = Release|Any CPU
		{8D069D82-156F-492D-BAA4-C77CE330BD0E}.Debug|Any CPU.ActiveCfg = Debug|Any CPU
		{8D069D82-156F-492D-BAA4-C77CE330BD0E}.Debug|Any CPU.Build.0 = Debug|Any CPU
		{8D069D82-156F-492D-BAA4-C77CE330BD0E}.Release|Any CPU.ActiveCfg = Release|Any CPU
		{8D069D82-156F-492D-BAA4-C77CE330BD0E}.Release|Any CPU.Build.0 = Release|Any CPU
		{FF375944-F4B9-408B-9F63-E9A855E5E97A}.Debug|Any CPU.ActiveCfg = Debug|Any CPU
		{FF375944-F4B9-408B-9F63-E9A855E5E97A}.Debug|Any CPU.Build.0 = Debug|Any CPU
		{FF375944-F4B9-408B-9F63-E9A855E5E97A}.Release|Any CPU.ActiveCfg = Release|Any CPU
		{FF375944-F4B9-408B-9F63-E9A855E5E97A}.Release|Any CPU.Build.0 = Release|Any CPU
		{80381363-9665-4784-B79E-678B141F23E7}.Debug|Any CPU.ActiveCfg = Debug|Any CPU
		{80381363-9665-4784-B79E-678B141F23E7}.Debug|Any CPU.Build.0 = Debug|Any CPU
		{80381363-9665-4784-B79E-678B141F23E7}.Release|Any CPU.ActiveCfg = Release|Any CPU
		{80381363-9665-4784-B79E-678B141F23E7}.Release|Any CPU.Build.0 = Release|Any CPU
		{7C882EF9-D015-453C-B860-2DB0502AF789}.Debug|Any CPU.ActiveCfg = Debug|Any CPU
		{7C882EF9-D015-453C-B860-2DB0502AF789}.Debug|Any CPU.Build.0 = Debug|Any CPU
		{7C882EF9-D015-453C-B860-2DB0502AF789}.Release|Any CPU.ActiveCfg = Release|Any CPU
		{7C882EF9-D015-453C-B860-2DB0502AF789}.Release|Any CPU.Build.0 = Release|Any CPU
	EndGlobalSection
	GlobalSection(SolutionProperties) = preSolution
		HideSolutionNode = FALSE
	EndGlobalSection
	GlobalSection(NestedProjects) = preSolution
		{D23B2EB0-DFFC-4425-B76B-2CDE54562A50} = {1756DD12-3191-4081-B2B3-AD84D01F0EF2}
		{2FFC3C8C-24F5-463A-8C06-4EBFAFB113DB} = {AB13C1BB-7673-4E5A-87AA-6E9224475196}
		{2DA9B3AB-F16B-4A38-9A43-5DA23F3EE087} = {AB13C1BB-7673-4E5A-87AA-6E9224475196}
		{6E1043B4-3620-49BD-ACB2-AB237E9A400F} = {1756DD12-3191-4081-B2B3-AD84D01F0EF2}
		{7BEF1775-320C-4403-BC6A-830DED016689} = {1756DD12-3191-4081-B2B3-AD84D01F0EF2}
		{49D2C086-89B1-43C9-8E7D-76670EC8C974} = {AB13C1BB-7673-4E5A-87AA-6E9224475196}
		{4150CF78-F15F-4D3C-BC6F-B1A03B812C6F} = {AB13C1BB-7673-4E5A-87AA-6E9224475196}
		{A2C27F12-66C6-4C0D-AC69-CCAF3F26FCDD} = {AB13C1BB-7673-4E5A-87AA-6E9224475196}
		{8D069D82-156F-492D-BAA4-C77CE330BD0E} = {AB13C1BB-7673-4E5A-87AA-6E9224475196}
		{FF375944-F4B9-408B-9F63-E9A855E5E97A} = {AB13C1BB-7673-4E5A-87AA-6E9224475196}
		{80381363-9665-4784-B79E-678B141F23E7} = {1756DD12-3191-4081-B2B3-AD84D01F0EF2}
	EndGlobalSection
	GlobalSection(ExtensibilityGlobals) = postSolution
		SolutionGuid = {D86E7C95-F43A-4D5F-97B8-67E421E28E5F}
	EndGlobalSection
	GlobalSection(Performance) = preSolution
		HasPerformanceSessions = true
	EndGlobalSection
EndGlobal
